{
  "originHash" : "2f689bc85d107c8a89e8942e19d06e0eec6ffacf09ebe1da5d691ee6374547b9",
  "pins" : [
    {
      "identity" : "diffmatchpatch",
      "kind" : "remoteSourceControl",
      "location" : "https://github.com/PasiSalenius/DiffMatchPatch.git",
      "state" : {
        "revision" : "d6a15076e2de59cd8fd6aba9f7b852aee6b6c414"
      }
    },
    {
      "identity" : "grdb.swift",
      "kind" : "remoteSourceControl",
      "location" : "https://github.com/groue/GRDB.swift.git",
      "state" : {
        "revision" : "b83108d10f42680d78f23fe4d4d80fc88dab3212",
        "version" : "7.11.1"
      }
    }
  ],
  "version" : 3
}
